
Microsoft Visual Studio Solution File, Format Version 12.00
# Visual Studio Version 17
VisualStudioVersion = 17.14.36811.4
MinimumVisualStudioVersion = 10.0.40219.1
Project("{FAE04EC0-301F-11D3-BF4B-00C04F79EFBC}") = "HobbyShop", "HobbyShop\HobbyShop.csproj", "{3B0E5BF3-A784-4ED3-9014-BD1DF82A17BA}"
EndProject
Global
	GlobalSection(SolutionConfigurationPlatforms) = preSolution
		Debug|Any CPU = Debug|Any CPU
		Release|Any CPU = Release|Any CPU
	EndGlobalSection
	GlobalSection(ProjectConfigurationPlatforms) = postSolution
		{3B0E5BF3-A784-4ED3-9014-BD1DF82A17BA}.Debug|Any CPU.ActiveCfg = Debug|Any CPU
		{3B0E5BF3-A784-4ED3-9014-BD1DF82A17BA}.Debug|Any CPU.Build.0 = Debug|Any CPU
		{3B0E5BF3-A784-4ED3-9014-BD1DF82A17BA}.Release|Any CPU.ActiveCfg = Release|Any CPU
		{3B0E5BF3-A784-4ED3-9014-BD1DF82A17BA}.Release|Any CPU.Build.0 = Release|Any CPU
	EndGlobalSection
	GlobalSection(SolutionProperties) = preSolution
		HideSolutionNode = FALSE
	EndGlobalSection
	GlobalSection(ExtensibilityGlobals) = postSolution
		SolutionGuid = {F7DF0EED-3A4B-4E0F-B65F-8E0618A8AFA1}
	EndGlobalSection
EndGlobal
